<?xml version="1.0" encoding="utf-8"?>
<Project ToolsVersion="4.0" xmlns="http://schemas.microsoft.com/developer/msbuild/2003">
  <ItemGroup>
    <Filter Include="源文件">
      <UniqueIdentifier>{4FC737F1-C7A5-4376-A066-2A32D752A2FF}</UniqueIdentifier>
      <Extensions>cpp;c;cc;cxx;c++;cppm;ixx;def;odl;idl;hpj;bat;asm;asmx</Extensions>
    </Filter>
    <Filter Include="头文件">
      <UniqueIdentifier>{93995380-89BD-4b04-88EB-625FBE52EBFB}</UniqueIdentifier>
      <Extensions>h;hh;hpp;hxx;h++;hm;inl;inc;ipp;xsd</Extensions>
    </Filter>
    <Filter Include="资源文件">
      <UniqueIdentifier>{67DA6AB6-F800-4c08-8B7A-83BB121AAD01}</UniqueIdentifier>
      <Extensions>rc;ico;cur;bmp;dlg;rc2;rct;bin;rgs;gif;jpg;jpeg;jpe;resx;tiff;tif;png;wav;mfcribbon-ms</Extensions>
    </Filter>
    <Filter Include="OpenGL3.3">
      <UniqueIdentifier>{d2b16c04-384c-420a-b45a-6dcd8cf8c95c}</UniqueIdentifier>
    </Filter>
    <Filter Include="Direct3D9">
      <UniqueIdentifier>{f79b48a4-8c5e-4dd2-a268-8f76bade2b36}</UniqueIdentifier>
    </Filter>
  </ItemGroup>
  <ItemGroup>
    <ClCompile Include="src\Main.cpp">
      <Filter>源文件</Filter>
    </ClCompile>
    <ClCompile Include="src\OpenGL3.3\src\glad.c">
      <Filter>源文件</Filter>
    </ClCompile>
    <ClCompile Include="src\MD_Math.cpp">
      <Filter>源文件</Filter>
    </ClCompile>
    <ClCompile Include="src\OpenGL3.3\Shader.cpp">
      <Filter>OpenGL3.3</Filter>
    </ClCompile>
    <ClCompile Include="src\Input.c">
      <Filter>源文件</Filter>
    </ClCompile>
    <ClCompile Include="src\Window.cpp">
      <Filter>源文件</Filter>
    </ClCompile>
    <ClCompile Include="src\OpenGL3.3\Renderer_GL.cpp">
      <Filter>OpenGL3.3</Filter>
    </ClCompile>
    <ClCompile Include="src\Direct3D9\Renderer_D3D9.cpp">
      <Filter>Direct3D9</Filter>
    </ClCompile>
  </ItemGroup>
  <ItemGroup>
    <ClInclude Include="src\Main.h">
      <Filter>头文件</Filter>
    </ClInclude>
    <ClInclude Include="resource.h">
      <Filter>头文件</Filter>
    </ClInclude>
    <ClInclude Include="src\MD_Math.h">
      <Filter>头文件</Filter>
    </ClInclude>
    <ClInclude Include="src\OpenGL3.3\Shader.h">
      <Filter>OpenGL3.3</Filter>
    </ClInclude>
    <ClInclude Include="src\Input.h">
      <Filter>头文件</Filter>
    </ClInclude>
    <ClInclude Include="src\Window.h">
      <Filter>头文件</Filter>
    </ClInclude>
    <ClInclude Include="src\Renderer.h">
      <Filter>头文件</Filter>
    </ClInclude>
    <ClInclude Include="src\OpenGL3.3\Renderer_GL.h">
      <Filter>OpenGL3.3</Filter>
    </ClInclude>
    <ClInclude Include="src\Direct3D9\Renderer_D3D9.h">
      <Filter>Direct3D9</Filter>
    </ClInclude>
    <ClInclude Include="src\Direct3D9\ToD3DMatirx.h">
      <Filter>Direct3D9</Filter>
    </ClInclude>
  </ItemGroup>
  <ItemGroup>
    <ResourceCompile Include="MDP.rc">
      <Filter>资源文件</Filter>
    </ResourceCompile>
  </ItemGroup>
  <ItemGroup>
    <Image Include="resources\icon\MorningDemon.ico">
      <Filter>资源文件</Filter>
    </Image>
  </ItemGroup>
</Project>